
Microsoft Visual Studio Solution File, Format Version 12.00
# Visual Studio Version 16
VisualStudioVersion = 16.0.29519.181
MinimumVisualStudioVersion = 10.0.40219.1
Project("{FAE04EC0-301F-11D3-BF4B-00C04F79EFBC}") = "NSharding.DataAccess.Spi", "Src\NSharding.DataAccess.Spi\NSharding.DataAccess.Spi.csproj", "{259A1DBE-386C-43C7-8892-AA37E9C40E66}"
EndProject
Project("{FAE04EC0-301F-11D3-BF4B-00C04F79EFBC}") = "NSharding.Sharding.Rule", "Src\NSharding.Sharding.Rule\NSharding.Sharding.Rule.csproj", "{619237B4-A625-4C81-83AC-86FA47F37EA3}"
EndProject
Project("{FAE04EC0-301F-11D3-BF4B-00C04F79EFBC}") = "NSharding.DomainModel.Spi", "Src\NSharding.Sharding.DomainModel\NSharding.DomainModel.Spi.csproj", "{A2BDEF5E-1909-48D7-981C-366BE37F9F84}"
EndProject
Project("{FAE04EC0-301F-11D3-BF4B-00C04F79EFBC}") = "NSharding.Sharding.Database", "Src\NSharding.Sharding.Database\NSharding.Sharding.Database.csproj", "{CC664272-AD17-4BB5-B4CF-AA62ABA5B033}"
EndProject
Project("{FAE04EC0-301F-11D3-BF4B-00C04F79EFBC}") = "NSharding.Sharding.RuleManager", "Src\NSharding.Sharding.RuleManager\NSharding.Sharding.RuleManager.csproj", "{3FE62CC0-10C3-44B1-BF2D-39988060BEFC}"
EndProject
Project("{FAE04EC0-301F-11D3-BF4B-00C04F79EFBC}") = "NSharding.DomainModel.Manager", "Src\NSharding.DomainModel.Manager\NSharding.DomainModel.Manager.csproj", "{28017DC1-3E97-4E97-9A39-9CA857E425C7}"
EndProject
Project("{FAE04EC0-301F-11D3-BF4B-00C04F79EFBC}") = "NSharding.DataAccess.Core", "Src\NSharding.DataAccess.Engine\NSharding.DataAccess.Core.csproj", "{A01B4DC5-2383-4B2D-9447-5C16769C7D3D}"
EndProject
Project("{FAE04EC0-301F-11D3-BF4B-00C04F79EFBC}") = "NSharding.DataAccess.Service", "Src\NSharding.DataAccess.Service\NSharding.DataAccess.Service.csproj", "{3688B905-957C-4E04-9108-501425A17B72}"
EndProject
Project("{FAE04EC0-301F-11D3-BF4B-00C04F79EFBC}") = "NSharding.DomainModel.Service", "Src\NSharding.DomainModel.Service\NSharding.DomainModel.Service.csproj", "{96C96893-94B6-466D-B7F9-841410DE2B5E}"
EndProject
Project("{FAE04EC0-301F-11D3-BF4B-00C04F79EFBC}") = "NSharding.UnitTest", "Src\NSharding.UnitTest\NSharding.UnitTest.csproj", "{73BB5A0E-AB0E-455C-BD06-A2F489258825}"
EndProject
Project("{FAE04EC0-301F-11D3-BF4B-00C04F79EFBC}") = "NSharding.DomainModel.Annotation", "Src\NSharding.DomainModel.Annotation\NSharding.DomainModel.Annotation.csproj", "{A149B331-1B4D-4E7E-B078-789CBBA1B7B7}"
EndProject
Project("{FAE04EC0-301F-11D3-BF4B-00C04F79EFBC}") = "NSharding.ORMapping.Spi", "NSharding.ORMapping.Spi\NSharding.ORMapping.Spi.csproj", "{B6EF7A06-3A27-4F07-ADAE-9D022BB70E5B}"
EndProject
Project("{FAE04EC0-301F-11D3-BF4B-00C04F79EFBC}") = "NSharding.ORMapping.Service", "NSharding.ORMapping.Service\NSharding.ORMapping.Service.csproj", "{40B154C8-B3D3-479F-82FB-0A1E28E69BD2}"
EndProject
Global
	GlobalSection(SolutionConfigurationPlatforms) = preSolution
		Debug|Any CPU = Debug|Any CPU
		Release|Any CPU = Release|Any CPU
	EndGlobalSection
	GlobalSection(ProjectConfigurationPlatforms) = postSolution
		{259A1DBE-386C-43C7-8892-AA37E9C40E66}.Debug|Any CPU.ActiveCfg = Debug|Any CPU
		{259A1DBE-386C-43C7-8892-AA37E9C40E66}.Debug|Any CPU.Build.0 = Debug|Any CPU
		{259A1DBE-386C-43C7-8892-AA37E9C40E66}.Release|Any CPU.ActiveCfg = Release|Any CPU
		{259A1DBE-386C-43C7-8892-AA37E9C40E66}.Release|Any CPU.Build.0 = Release|Any CPU
		{619237B4-A625-4C81-83AC-86FA47F37EA3}.Debug|Any CPU.ActiveCfg = Debug|Any CPU
		{619237B4-A625-4C81-83AC-86FA47F37EA3}.Debug|Any CPU.Build.0 = Debug|Any CPU
		{619237B4-A625-4C81-83AC-86FA47F37EA3}.Release|Any CPU.ActiveCfg = Release|Any CPU
		{619237B4-A625-4C81-83AC-86FA47F37EA3}.Release|Any CPU.Build.0 = Release|Any CPU
		{A2BDEF5E-1909-48D7-981C-366BE37F9F84}.Debug|Any CPU.ActiveCfg = Debug|Any CPU
		{A2BDEF5E-1909-48D7-981C-366BE37F9F84}.Debug|Any CPU.Build.0 = Debug|Any CPU
		{A2BDEF5E-1909-48D7-981C-366BE37F9F84}.Release|Any CPU.ActiveCfg = Release|Any CPU
		{A2BDEF5E-1909-48D7-981C-366BE37F9F84}.Release|Any CPU.Build.0 = Release|Any CPU
		{CC664272-AD17-4BB5-B4CF-AA62ABA5B033}.Debug|Any CPU.ActiveCfg = Debug|Any CPU
		{CC664272-AD17-4BB5-B4CF-AA62ABA5B033}.Debug|Any CPU.Build.0 = Debug|Any CPU
		{CC664272-AD17-4BB5-B4CF-AA62ABA5B033}.Release|Any CPU.ActiveCfg = Release|Any CPU
		{CC664272-AD17-4BB5-B4CF-AA62ABA5B033}.Release|Any CPU.Build.0 = Release|Any CPU
		{3FE62CC0-10C3-44B1-BF2D-39988060BEFC}.Debug|Any CPU.ActiveCfg = Debug|Any CPU
		{3FE62CC0-10C3-44B1-BF2D-39988060BEFC}.Debug|Any CPU.Build.0 = Debug|Any CPU
		{3FE62CC0-10C3-44B1-BF2D-39988060BEFC}.Release|Any CPU.ActiveCfg = Release|Any CPU
		{3FE62CC0-10C3-44B1-BF2D-39988060BEFC}.Release|Any CPU.Build.0 = Release|Any CPU
		{28017DC1-3E97-4E97-9A39-9CA857E425C7}.Debug|Any CPU.ActiveCfg = Debug|Any CPU
		{28017DC1-3E97-4E97-9A39-9CA857E425C7}.Debug|Any CPU.Build.0 = Debug|Any CPU
		{28017DC1-3E97-4E97-9A39-9CA857E425C7}.Release|Any CPU.ActiveCfg = Release|Any CPU
		{28017DC1-3E97-4E97-9A39-9CA857E425C7}.Release|Any CPU.Build.0 = Release|Any CPU
		{A01B4DC5-2383-4B2D-9447-5C16769C7D3D}.Debug|Any CPU.ActiveCfg = Debug|Any CPU
		{A01B4DC5-2383-4B2D-9447-5C16769C7D3D}.Debug|Any CPU.Build.0 = Debug|Any CPU
		{A01B4DC5-2383-4B2D-9447-5C16769C7D3D}.Release|Any CPU.ActiveCfg = Release|Any CPU
		{A01B4DC5-2383-4B2D-9447-5C16769C7D3D}.Release|Any CPU.Build.0 = Release|Any CPU
		{3688B905-957C-4E04-9108-501425A17B72}.Debug|Any CPU.ActiveCfg = Debug|Any CPU
		{3688B905-957C-4E04-9108-501425A17B72}.Debug|Any CPU.Build.0 = Debug|Any CPU
		{3688B905-957C-4E04-9108-501425A17B72}.Release|Any CPU.ActiveCfg = Release|Any CPU
		{3688B905-957C-4E04-9108-501425A17B72}.Release|Any CPU.Build.0 = Release|Any CPU
		{96C96893-94B6-466D-B7F9-841410DE2B5E}.Debug|Any CPU.ActiveCfg = Debug|Any CPU
		{96C96893-94B6-466D-B7F9-841410DE2B5E}.Debug|Any CPU.Build.0 = Debug|Any CPU
		{96C96893-94B6-466D-B7F9-841410DE2B5E}.Release|Any CPU.ActiveCfg = Release|Any CPU
		{96C96893-94B6-466D-B7F9-841410DE2B5E}.Release|Any CPU.Build.0 = Release|Any CPU
		{73BB5A0E-AB0E-455C-BD06-A2F489258825}.Debug|Any CPU.ActiveCfg = Debug|Any CPU
		{73BB5A0E-AB0E-455C-BD06-A2F489258825}.Debug|Any CPU.Build.0 = Debug|Any CPU
		{73BB5A0E-AB0E-455C-BD06-A2F489258825}.Release|Any CPU.ActiveCfg = Release|Any CPU
		{73BB5A0E-AB0E-455C-BD06-A2F489258825}.Release|Any CPU.Build.0 = Release|Any CPU
		{A149B331-1B4D-4E7E-B078-789CBBA1B7B7}.Debug|Any CPU.ActiveCfg = Debug|Any CPU
		{A149B331-1B4D-4E7E-B078-789CBBA1B7B7}.Debug|Any CPU.Build.0 = Debug|Any CPU
		{A149B331-1B4D-4E7E-B078-789CBBA1B7B7}.Release|Any CPU.ActiveCfg = Release|Any CPU
		{A149B331-1B4D-4E7E-B078-789CBBA1B7B7}.Release|Any CPU.Build.0 = Release|Any CPU
		{B6EF7A06-3A27-4F07-ADAE-9D022BB70E5B}.Debug|Any CPU.ActiveCfg = Debug|Any CPU
		{B6EF7A06-3A27-4F07-ADAE-9D022BB70E5B}.Debug|Any CPU.Build.0 = Debug|Any CPU
		{B6EF7A06-3A27-4F07-ADAE-9D022BB70E5B}.Release|Any CPU.ActiveCfg = Release|Any CPU
		{B6EF7A06-3A27-4F07-ADAE-9D022BB70E5B}.Release|Any CPU.Build.0 = Release|Any CPU
		{40B154C8-B3D3-479F-82FB-0A1E28E69BD2}.Debug|Any CPU.ActiveCfg = Debug|Any CPU
		{40B154C8-B3D3-479F-82FB-0A1E28E69BD2}.Debug|Any CPU.Build.0 = Debug|Any CPU
		{40B154C8-B3D3-479F-82FB-0A1E28E69BD2}.Release|Any CPU.ActiveCfg = Release|Any CPU
		{40B154C8-B3D3-479F-82FB-0A1E28E69BD2}.Release|Any CPU.Build.0 = Release|Any CPU
	EndGlobalSection
	GlobalSection(SolutionProperties) = preSolution
		HideSolutionNode = FALSE
	EndGlobalSection
	GlobalSection(ExtensibilityGlobals) = postSolution
		SolutionGuid = {C375FF59-AE30-475C-92A1-6707EB645F20}
	EndGlobalSection
EndGlobal
